// !$*UTF8*$!
{
	archiveVersion = 1;
	classes = {
	};
	objectVersion = 51;
	objects = {

/* Begin PBXBuildFile section */
		46088207253157FA004E017C /* AppDelegate.swift in Sources */ = {isa = PBXBuildFile; fileRef = 46088206253157FA004E017C /* AppDelegate.swift */; };
		46088209253157FA004E017C /* SceneDelegate.swift in Sources */ = {isa = PBXBuildFile; fileRef = 46088208253157FA004E017C /* SceneDelegate.swift */; };
		46088210253157FB004E017C /* Assets.xcassets in Resources */ = {isa = PBXBuildFile; fileRef = 4608820F253157FB004E017C /* Assets.xcassets */; };
		46088213253157FB004E017C /* LaunchScreen.storyboard in Resources */ = {isa = PBXBuildFile; fileRef = 46088211253157FB004E017C /* LaunchScreen.storyboard */; };
		4608823225315B22004E017C /* RootInteractor.swift in Sources */ = {isa = PBXBuildFile; fileRef = 4608822E25315B22004E017C /* RootInteractor.swift */; };
		4608823325315B22004E017C /* RootViewController.swift in Sources */ = {isa = PBXBuildFile; fileRef = 4608822F25315B22004E017C /* RootViewController.swift */; };
		4608823425315B22004E017C /* RootRouter.swift in Sources */ = {isa = PBXBuildFile; fileRef = 4608823025315B22004E017C /* RootRouter.swift */; };
		4608823525315B22004E017C /* RootBuilder.swift in Sources */ = {isa = PBXBuildFile; fileRef = 4608823125315B22004E017C /* RootBuilder.swift */; };
		4608823825315B54004E017C /* AppComponent.swift in Sources */ = {isa = PBXBuildFile; fileRef = 4608823725315B54004E017C /* AppComponent.swift */; };
		46088245253168C5004E017C /* ProductDetailRouter.swift in Sources */ = {isa = PBXBuildFile; fileRef = 46088241253168C5004E017C /* ProductDetailRouter.swift */; };
		46088246253168C5004E017C /* ProductDetailViewController.swift in Sources */ = {isa = PBXBuildFile; fileRef = 46088242253168C5004E017C /* ProductDetailViewController.swift */; };
		46088247253168C5004E017C /* ProductDetailBuilder.swift in Sources */ = {isa = PBXBuildFile; fileRef = 46088243253168C5004E017C /* ProductDetailBuilder.swift */; };
		46088248253168C5004E017C /* ProductDetailInteractor.swift in Sources */ = {isa = PBXBuildFile; fileRef = 46088244253168C5004E017C /* ProductDetailInteractor.swift */; };
		4695EFF92531700400FD2677 /* SellerDetailRouter.swift in Sources */ = {isa = PBXBuildFile; fileRef = 4695EFF52531700400FD2677 /* SellerDetailRouter.swift */; };
		4695EFFA2531700400FD2677 /* SellerDetailViewController.swift in Sources */ = {isa = PBXBuildFile; fileRef = 4695EFF62531700400FD2677 /* SellerDetailViewController.swift */; };
		4695EFFB2531700400FD2677 /* SellerDetailBuilder.swift in Sources */ = {isa = PBXBuildFile; fileRef = 4695EFF72531700400FD2677 /* SellerDetailBuilder.swift */; };
		4695EFFC2531700400FD2677 /* SellerDetailInteractor.swift in Sources */ = {isa = PBXBuildFile; fileRef = 4695EFF82531700400FD2677 /* SellerDetailInteractor.swift */; };
		677B2BACE7B26717F7F6319B /* Pods_RIBsChildBecomesParent.framework in Frameworks */ = {isa = PBXBuildFile; fileRef = 1C1FBEE51B23889D555FF3EA /* Pods_RIBsChildBecomesParent.framework */; };
/* End PBXBuildFile section */

/* Begin PBXFileReference section */
		029716E668C05F6C99D4EDA1 /* Pods-RIBsChildBecomesParent.release.xcconfig */ = {isa = PBXFileReference; includeInIndex = 1; lastKnownFileType = text.xcconfig; name = "Pods-RIBsChildBecomesParent.release.xcconfig"; path = "Target Support Files/Pods-RIBsChildBecomesParent/Pods-RIBsChildBecomesParent.release.xcconfig"; sourceTree = "<group>"; };
		1C1FBEE51B23889D555FF3EA /* Pods_RIBsChildBecomesParent.framework */ = {isa = PBXFileReference; explicitFileType = wrapper.framework; includeInIndex = 0; path = Pods_RIBsChildBecomesParent.framework; sourceTree = BUILT_PRODUCTS_DIR; };
		405C1E240AA59F3EBD5B952F /* Pods-RIBsChildBecomesParent.debug.xcconfig */ = {isa = PBXFileReference; includeInIndex = 1; lastKnownFileType = text.xcconfig; name = "Pods-RIBsChildBecomesParent.debug.xcconfig"; path = "Target Support Files/Pods-RIBsChildBecomesParent/Pods-RIBsChildBecomesParent.debug.xcconfig"; sourceTree = "<group>"; };
		46088203253157FA004E017C /* RIBsChildBecomesParent.app */ = {isa = PBXFileReference; explicitFileType = wrapper.application; includeInIndex = 0; path = RIBsChildBecomesParent.app; sourceTree = BUILT_PRODUCTS_DIR; };
		46088206253157FA004E017C /* AppDelegate.swift */ = {isa = PBXFileReference; lastKnownFileType = sourcecode.swift; path = AppDelegate.swift; sourceTree = "<group>"; };
		46088208253157FA004E017C /* SceneDelegate.swift */ = {isa = PBXFileReference; lastKnownFileType = sourcecode.swift; path = SceneDelegate.swift; sourceTree = "<group>"; };
		4608820F253157FB004E017C /* Assets.xcassets */ = {isa = PBXFileReference; lastKnownFileType = folder.assetcatalog; path = Assets.xcassets; sourceTree = "<group>"; };
		46088212253157FB004E017C /* Base */ = {isa = PBXFileReference; lastKnownFileType = file.storyboard; name = Base; path = Base.lproj/LaunchScreen.storyboard; sourceTree = "<group>"; };
		46088214253157FB004E017C /* Info.plist */ = {isa = PBXFileReference; lastKnownFileType = text.plist.xml; path = Info.plist; sourceTree = "<group>"; };
		4608822E25315B22004E017C /* RootInteractor.swift */ = {isa = PBXFileReference; fileEncoding = 4; lastKnownFileType = sourcecode.swift; path = RootInteractor.swift; sourceTree = "<group>"; };
		4608822F25315B22004E017C /* RootViewController.swift */ = {isa = PBXFileReference; fileEncoding = 4; lastKnownFileType = sourcecode.swift; path = RootViewController.swift; sourceTree = "<group>"; };
		4608823025315B22004E017C /* RootRouter.swift */ = {isa = PBXFileReference; fileEncoding = 4; lastKnownFileType = sourcecode.swift; path = RootRouter.swift; sourceTree = "<group>"; };
		4608823125315B22004E017C /* RootBuilder.swift */ = {isa = PBXFileReference; fileEncoding = 4; lastKnownFileType = sourcecode.swift; path = RootBuilder.swift; sourceTree = "<group>"; };
		4608823725315B54004E017C /* AppComponent.swift */ = {isa = PBXFileReference; fileEncoding = 4; lastKnownFileType = sourcecode.swift; path = AppComponent.swift; sourceTree = "<group>"; };
		46088241253168C5004E017C /* ProductDetailRouter.swift */ = {isa = PBXFileReference; lastKnownFileType = sourcecode.swift; path = ProductDetailRouter.swift; sourceTree = "<group>"; };
		46088242253168C5004E017C /* ProductDetailViewController.swift */ = {isa = PBXFileReference; lastKnownFileType = sourcecode.swift; path = ProductDetailViewController.swift; sourceTree = "<group>"; };
		46088243253168C5004E017C /* ProductDetailBuilder.swift */ = {isa = PBXFileReference; lastKnownFileType = sourcecode.swift; path = ProductDetailBuilder.swift; sourceTree = "<group>"; };
		46088244253168C5004E017C /* ProductDetailInteractor.swift */ = {isa = PBXFileReference; lastKnownFileType = sourcecode.swift; path = ProductDetailInteractor.swift; sourceTree = "<group>"; };
		4695EFF52531700400FD2677 /* SellerDetailRouter.swift */ = {isa = PBXFileReference; lastKnownFileType = sourcecode.swift; path = SellerDetailRouter.swift; sourceTree = "<group>"; };
		4695EFF62531700400FD2677 /* SellerDetailViewController.swift */ = {isa = PBXFileReference; lastKnownFileType = sourcecode.swift; path = SellerDetailViewController.swift; sourceTree = "<group>"; };
		4695EFF72531700400FD2677 /* SellerDetailBuilder.swift */ = {isa = PBXFileReference; lastKnownFileType = sourcecode.swift; path = SellerDetailBuilder.swift; sourceTree = "<group>"; };
		4695EFF82531700400FD2677 /* SellerDetailInteractor.swift */ = {isa = PBXFileReference; lastKnownFileType = sourcecode.swift; path = SellerDetailInteractor.swift; sourceTree = "<group>"; };
/* End PBXFileReference section */

/* Begin PBXFrameworksBuildPhase section */
		46088200253157FA004E017C /* Frameworks */ = {
			isa = PBXFrameworksBuildPhase;
			buildActionMask = 2147483647;
			files = (
				677B2BACE7B26717F7F6319B /* Pods_RIBsChildBecomesParent.framework in Frameworks */,
			);
			runOnlyForDeploymentPostprocessing = 0;
		};
/* End PBXFrameworksBuildPhase section */

/* Begin PBXGroup section */
		460881FA253157F9004E017C = {
			isa = PBXGroup;
			children = (
				46088205253157FA004E017C /* RIBsChildBecomesParent */,
				46088204253157FA004E017C /* Products */,
				7BACDF2F6DD4A3D99F4CC40F /* Pods */,
				EFBFC1CD25A46B3D03FDAEDD /* Frameworks */,
			);
			sourceTree = "<group>";
		};
		46088204253157FA004E017C /* Products */ = {
			isa = PBXGroup;
			children = (
				46088203253157FA004E017C /* RIBsChildBecomesParent.app */,
			);
			name = Products;
			sourceTree = "<group>";
		};
		46088205253157FA004E017C /* RIBsChildBecomesParent */ = {
			isa = PBXGroup;
			children = (
				46088214253157FB004E017C /* Info.plist */,
				4608822925315A60004E017C /* AppStart */,
				4608822D25315B22004E017C /* Root */,
				4608822C25315AA6004E017C /* Resources */,
			);
			path = RIBsChildBecomesParent;
			sourceTree = "<group>";
		};
		4608822925315A60004E017C /* AppStart */ = {
			isa = PBXGroup;
			children = (
				46088206253157FA004E017C /* AppDelegate.swift */,
				46088208253157FA004E017C /* SceneDelegate.swift */,
				4608823725315B54004E017C /* AppComponent.swift */,
				46088211253157FB004E017C /* LaunchScreen.storyboard */,
			);
			path = AppStart;
			sourceTree = "<group>";
		};
		4608822C25315AA6004E017C /* Resources */ = {
			isa = PBXGroup;
			children = (
				4608820F253157FB004E017C /* Assets.xcassets */,
			);
			path = Resources;
			sourceTree = "<group>";
		};
		4608822D25315B22004E017C /* Root */ = {
			isa = PBXGroup;
			children = (
				4608823125315B22004E017C /* RootBuilder.swift */,
				4608822E25315B22004E017C /* RootInteractor.swift */,
				4608823025315B22004E017C /* RootRouter.swift */,
				4608822F25315B22004E017C /* RootViewController.swift */,
				4608823F25316880004E017C /* Product */,
				460882402531688B004E017C /* Seller */,
			);
			path = Root;
			sourceTree = "<group>";
		};
		4608823F25316880004E017C /* Product */ = {
			isa = PBXGroup;
			children = (
				46088243253168C5004E017C /* ProductDetailBuilder.swift */,
				46088244253168C5004E017C /* ProductDetailInteractor.swift */,
				46088241253168C5004E017C /* ProductDetailRouter.swift */,
				46088242253168C5004E017C /* ProductDetailViewController.swift */,
			);
			path = Product;
			sourceTree = "<group>";
		};
		460882402531688B004E017C /* Seller */ = {
			isa = PBXGroup;
			children = (
				4695EFF72531700400FD2677 /* SellerDetailBuilder.swift */,
				4695EFF82531700400FD2677 /* SellerDetailInteractor.swift */,
				4695EFF52531700400FD2677 /* SellerDetailRouter.swift */,
				4695EFF62531700400FD2677 /* SellerDetailViewController.swift */,
			);
			path = Seller;
			sourceTree = "<group>";
		};
		7BACDF2F6DD4A3D99F4CC40F /* Pods */ = {
			isa = PBXGroup;
			children = (
				405C1E240AA59F3EBD5B952F /* Pods-RIBsChildBecomesParent.debug.xcconfig */,
				029716E668C05F6C99D4EDA1 /* Pods-RIBsChildBecomesParent.release.xcconfig */,
			);
			path = Pods;
			sourceTree = "<group>";
		};
		EFBFC1CD25A46B3D03FDAEDD /* Frameworks */ = {
			isa = PBXGroup;
			children = (
				1C1FBEE51B23889D555FF3EA /* Pods_RIBsChildBecomesParent.framework */,
			);
			name = Frameworks;
			sourceTree = "<group>";
		};
/* End PBXGroup section */

/* Begin PBXNativeTarget section */
		46088202253157FA004E017C /* RIBsChildBecomesParent */ = {
			isa = PBXNativeTarget;
			buildConfigurationList = 46088217253157FB004E017C /* Build configuration list for PBXNativeTarget "RIBsChildBecomesParent" */;
			buildPhases = (
				8B6307C8A4684E9EA39D78E3 /* [CP] Check Pods Manifest.lock */,
				460881FF253157FA004E017C /* Sources */,
				46088200253157FA004E017C /* Frameworks */,
				46088201253157FA004E017C /* Resources */,
				82833161D51C5AF2B3544A2E /* [CP] Embed Pods Frameworks */,
			);
			buildRules = (
			);
			dependencies = (
			);
			name = RIBsChildBecomesParent;
			productName = RIBsChildBecomesParent;
			productReference = 46088203253157FA004E017C /* RIBsChildBecomesParent.app */;
			productType = "com.apple.product-type.application";
		};
/* End PBXNativeTarget section */

/* Begin PBXProject section */
		460881FB253157F9004E017C /* Project object */ = {
			isa = PBXProject;
			attributes = {
				LastSwiftUpdateCheck = 1200;
				LastUpgradeCheck = 1200;
				TargetAttributes = {
					46088202253157FA004E017C = {
						CreatedOnToolsVersion = 12.0;
					};
				};
			};
			buildConfigurationList = 460881FE253157F9004E017C /* Build configuration list for PBXProject "RIBsChildBecomesParent" */;
			compatibilityVersion = "Xcode 9.3";
			developmentRegion = en;
			hasScannedForEncodings = 0;
			knownRegions = (
				en,
				Base,
			);
			mainGroup = 460881FA253157F9004E017C;
			productRefGroup = 46088204253157FA004E017C /* Products */;
			projectDirPath = "";
			projectRoot = "";
			targets = (
				46088202253157FA004E017C /* RIBsChildBecomesParent */,
			);
		};
/* End PBXProject section */

/* Begin PBXResourcesBuildPhase section */
		46088201253157FA004E017C /* Resources */ = {
			isa = PBXResourcesBuildPhase;
			buildActionMask = 2147483647;
			files = (
				46088213253157FB004E017C /* LaunchScreen.storyboard in Resources */,
				46088210253157FB004E017C /* Assets.xcassets in Resources */,
			);
			runOnlyForDeploymentPostprocessing = 0;
		};
/* End PBXResourcesBuildPhase section */

/* Begin PBXShellScriptBuildPhase section */
		82833161D51C5AF2B3544A2E /* [CP] Embed Pods Frameworks */ = {
			isa = PBXShellScriptBuildPhase;
			buildActionMask = 2147483647;
			files = (
			);
			inputFileListPaths = (
				"${PODS_ROOT}/Target Support Files/Pods-RIBsChildBecomesParent/Pods-RIBsChildBecomesParent-frameworks-${CONFIGURATION}-input-files.xcfilelist",
			);
			name = "[CP] Embed Pods Frameworks";
			outputFileListPaths = (
				"${PODS_ROOT}/Target Support Files/Pods-RIBsChildBecomesParent/Pods-RIBsChildBecomesParent-frameworks-${CONFIGURATION}-output-files.xcfilelist",
			);
			runOnlyForDeploymentPostprocessing = 0;
			shellPath = /bin/sh;
			shellScript = "\"${PODS_ROOT}/Target Support Files/Pods-RIBsChildBecomesParent/Pods-RIBsChildBecomesParent-frameworks.sh\"\n";
			showEnvVarsInLog = 0;
		};
		8B6307C8A4684E9EA39D78E3 /* [CP] Check Pods Manifest.lock */ = {
			isa = PBXShellScriptBuildPhase;
			buildActionMask = 2147483647;
			files = (
			);
			inputFileListPaths = (
			);
			inputPaths = (
				"${PODS_PODFILE_DIR_PATH}/Podfile.lock",
				"${PODS_ROOT}/Manifest.lock",
			);
			name = "[CP] Check Pods Manifest.lock";
			outputFileListPaths = (
			);
			outputPaths = (
				"$(DERIVED_FILE_DIR)/Pods-RIBsChildBecomesParent-checkManifestLockResult.txt",
			);
			runOnlyForDeploymentPostprocessing = 0;
			shellPath = /bin/sh;
			shellScript = "diff \"${PODS_PODFILE_DIR_PATH}/Podfile.lock\" \"${PODS_ROOT}/Manifest.lock\" > /dev/null\nif [ $? != 0 ] ; then\n    # print error to STDERR\n    echo \"error: The sandbox is not in sync with the Podfile.lock. Run 'pod install' or update your CocoaPods installation.\" >&2\n    exit 1\nfi\n# This output is used by Xcode 'outputs' to avoid re-running this script phase.\necho \"SUCCESS\" > \"${SCRIPT_OUTPUT_FILE_0}\"\n";
			showEnvVarsInLog = 0;
		};
/* End PBXShellScriptBuildPhase section */

/* Begin PBXSourcesBuildPhase section */
		460881FF253157FA004E017C /* Sources */ = {
			isa = PBXSourcesBuildPhase;
			buildActionMask = 2147483647;
			files = (
				46088245253168C5004E017C /* ProductDetailRouter.swift in Sources */,
				4695EFFB2531700400FD2677 /* SellerDetailBuilder.swift in Sources */,
				46088247253168C5004E017C /* ProductDetailBuilder.swift in Sources */,
				4695EFF92531700400FD2677 /* SellerDetailRouter.swift in Sources */,
				4608823225315B22004E017C /* RootInteractor.swift in Sources */,
				4608823425315B22004E017C /* RootRouter.swift in Sources */,
				4608823825315B54004E017C /* AppComponent.swift in Sources */,
				46088207253157FA004E017C /* AppDelegate.swift in Sources */,
				4695EFFC2531700400FD2677 /* SellerDetailInteractor.swift in Sources */,
				4608823325315B22004E017C /* RootViewController.swift in Sources */,
				46088246253168C5004E017C /* ProductDetailViewController.swift in Sources */,
				46088209253157FA004E017C /* SceneDelegate.swift in Sources */,
				4695EFFA2531700400FD2677 /* SellerDetailViewController.swift in Sources */,
				46088248253168C5004E017C /* ProductDetailInteractor.swift in Sources */,
				4608823525315B22004E017C /* RootBuilder.swift in Sources */,
			);
			runOnlyForDeploymentPostprocessing = 0;
		};
/* End PBXSourcesBuildPhase section */

/* Begin PBXVariantGroup section */
		46088211253157FB004E017C /* LaunchScreen.storyboard */ = {
			isa = PBXVariantGroup;
			children = (
				46088212253157FB004E017C /* Base */,
			);
			name = LaunchScreen.storyboard;
			sourceTree = "<group>";
		};
/* End PBXVariantGroup section */

/* Begin XCBuildConfiguration section */
		46088215253157FB004E017C /* Debug */ = {
			isa = XCBuildConfiguration;
			buildSettings = {
				ALWAYS_SEARCH_USER_PATHS = NO;
				CLANG_ANALYZER_NONNULL = YES;
				CLANG_ANALYZER_NUMBER_OBJECT_CONVERSION = YES_AGGRESSIVE;
				CLANG_CXX_LANGUAGE_STANDARD = "gnu++14";
				CLANG_CXX_LIBRARY = "libc++";
				CLANG_ENABLE_MODULES = YES;
				CLANG_ENABLE_OBJC_ARC = YES;
				CLANG_ENABLE_OBJC_WEAK = YES;
				CLANG_WARN_BLOCK_CAPTURE_AUTORELEASING = YES;
				CLANG_WARN_BOOL_CONVERSION = YES;
				CLANG_WARN_COMMA = YES;
				CLANG_WARN_CONSTANT_CONVERSION = YES;
				CLANG_WARN_DEPRECATED_OBJC_IMPLEMENTATIONS = YES;
				CLANG_WARN_DIRECT_OBJC_ISA_USAGE = YES_ERROR;
				CLANG_WARN_DOCUMENTATION_COMMENTS = YES;
				CLANG_WARN_EMPTY_BODY = YES;
				CLANG_WARN_ENUM_CONVERSION = YES;
				CLANG_WARN_INFINITE_RECURSION = YES;
				CLANG_WARN_INT_CONVERSION = YES;
				CLANG_WARN_NON_LITERAL_NULL_CONVERSION = YES;
				CLANG_WARN_OBJC_IMPLICIT_RETAIN_SELF = YES;
				CLANG_WARN_OBJC_LITERAL_CONVERSION = YES;
				CLANG_WARN_OBJC_ROOT_CLASS = YES_ERROR;
				CLANG_WARN_QUOTED_INCLUDE_IN_FRAMEWORK_HEADER = YES;
				CLANG_WARN_RANGE_LOOP_ANALYSIS = YES;
				CLANG_WARN_STRICT_PROTOTYPES = YES;
				CLANG_WARN_SUSPICIOUS_MOVE = YES;
				CLANG_WARN_UNGUARDED_AVAILABILITY = YES_AGGRESSIVE;
				CLANG_WARN_UNREACHABLE_CODE = YES;
				CLANG_WARN__DUPLICATE_METHOD_MATCH = YES;
				COPY_PHASE_STRIP = NO;
				DEBUG_INFORMATION_FORMAT = dwarf;
				ENABLE_STRICT_OBJC_MSGSEND = YES;
				ENABLE_TESTABILITY = YES;
				GCC_C_LANGUAGE_STANDARD = gnu11;
				GCC_DYNAMIC_NO_PIC = NO;
				GCC_NO_COMMON_BLOCKS = YES;
				GCC_OPTIMIZATION_LEVEL = 0;
				GCC_PREPROCESSOR_DEFINITIONS = (
					"DEBUG=1",
					"$(inherited)",
				);
				GCC_WARN_64_TO_32_BIT_CONVERSION = YES;
				GCC_WARN_ABOUT_RETURN_TYPE = YES_ERROR;
				GCC_WARN_UNDECLARED_SELECTOR = YES;
				GCC_WARN_UNINITIALIZED_AUTOS = YES_AGGRESSIVE;
				GCC_WARN_UNUSED_FUNCTION = YES;
				GCC_WARN_UNUSED_VARIABLE = YES;
				IPHONEOS_DEPLOYMENT_TARGET = 14.0;
				MTL_ENABLE_DEBUG_INFO = INCLUDE_SOURCE;
				MTL_FAST_MATH = YES;
				ONLY_ACTIVE_ARCH = YES;
				SDKROOT = iphoneos;
				SWIFT_ACTIVE_COMPILATION_CONDITIONS = DEBUG;
				SWIFT_OPTIMIZATION_LEVEL = "-Onone";
			};
			name = Debug;
		};
		46088216253157FB004E017C /* Release */ = {
			isa = XCBuildConfiguration;
			buildSettings = {
				ALWAYS_SEARCH_USER_PATHS = NO;
				CLANG_ANALYZER_NONNULL = YES;
				CLANG_ANALYZER_NUMBER_OBJECT_CONVERSION = YES_AGGRESSIVE;
				CLANG_CXX_LANGUAGE_STANDARD = "gnu++14";
				CLANG_CXX_LIBRARY = "libc++";
				CLANG_ENABLE_MODULES = YES;
				CLANG_ENABLE_OBJC_ARC = YES;
				CLANG_ENABLE_OBJC_WEAK = YES;
				CLANG_WARN_BLOCK_CAPTURE_AUTORELEASING = YES;
				CLANG_WARN_BOOL_CONVERSION = YES;
				CLANG_WARN_COMMA = YES;
				CLANG_WARN_CONSTANT_CONVERSION = YES;
				CLANG_WARN_DEPRECATED_OBJC_IMPLEMENTATIONS = YES;
				CLANG_WARN_DIRECT_OBJC_ISA_USAGE = YES_ERROR;
				CLANG_WARN_DOCUMENTATION_COMMENTS = YES;
				CLANG_WARN_EMPTY_BODY = YES;
				CLANG_WARN_ENUM_CONVERSION = YES;
				CLANG_WARN_INFINITE_RECURSION = YES;
				CLANG_WARN_INT_CONVERSION = YES;
				CLANG_WARN_NON_LITERAL_NULL_CONVERSION = YES;
				CLANG_WARN_OBJC_IMPLICIT_RETAIN_SELF = YES;
				CLANG_WARN_OBJC_LITERAL_CONVERSION = YES;
				CLANG_WARN_OBJC_ROOT_CLASS = YES_ERROR;
				CLANG_WARN_QUOTED_INCLUDE_IN_FRAMEWORK_HEADER = YES;
				CLANG_WARN_RANGE_LOOP_ANALYSIS = YES;
				CLANG_WARN_STRICT_PROTOTYPES = YES;
				CLANG_WARN_SUSPICIOUS_MOVE = YES;
				CLANG_WARN_UNGUARDED_AVAILABILITY = YES_AGGRESSIVE;
				CLANG_WARN_UNREACHABLE_CODE = YES;
				CLANG_WARN__DUPLICATE_METHOD_MATCH = YES;
				COPY_PHASE_STRIP = NO;
				DEBUG_INFORMATION_FORMAT = "dwarf-with-dsym";
				ENABLE_NS_ASSERTIONS = NO;
				ENABLE_STRICT_OBJC_MSGSEND = YES;
				GCC_C_LANGUAGE_STANDARD = gnu11;
				GCC_NO_COMMON_BLOCKS = YES;
				GCC_WARN_64_TO_32_BIT_CONVERSION = YES;
				GCC_WARN_ABOUT_RETURN_TYPE = YES_ERROR;
				GCC_WARN_UNDECLARED_SELECTOR = YES;
				GCC_WARN_UNINITIALIZED_AUTOS = YES_AGGRESSIVE;
				GCC_WARN_UNUSED_FUNCTION = YES;
				GCC_WARN_UNUSED_VARIABLE = YES;
				IPHONEOS_DEPLOYMENT_TARGET = 14.0;
				MTL_ENABLE_DEBUG_INFO = NO;
				MTL_FAST_MATH = YES;
				SDKROOT = iphoneos;
				SWIFT_COMPILATION_MODE = wholemodule;
				SWIFT_OPTIMIZATION_LEVEL = "-O";
				VALIDATE_PRODUCT = YES;
			};
			name = Release;
		};
		46088218253157FB004E017C /* Debug */ = {
			isa = XCBuildConfiguration;
			baseConfigurationReference = 405C1E240AA59F3EBD5B952F /* Pods-RIBsChildBecomesParent.debug.xcconfig */;
			buildSettings = {
				ASSETCATALOG_COMPILER_APPICON_NAME = AppIcon;
				ASSETCATALOG_COMPILER_GLOBAL_ACCENT_COLOR_NAME = AccentColor;
				CODE_SIGN_STYLE = Automatic;
				DEVELOPMENT_TEAM = W7764ZQNWC;
				INFOPLIST_FILE = RIBsChildBecomesParent/Info.plist;
				LD_RUNPATH_SEARCH_PATHS = (
					"$(inherited)",
					"@executable_path/Frameworks",
				);
				PRODUCT_BUNDLE_IDENTIFIER = "com.rib-test.RIBsChildBecomesParent";
				PRODUCT_NAME = "$(TARGET_NAME)";
				SWIFT_VERSION = 5.0;
				TARGETED_DEVICE_FAMILY = "1,2";
			};
			name = Debug;
		};
		46088219253157FB004E017C /* Release */ = {
			isa = XCBuildConfiguration;
			baseConfigurationReference = 029716E668C05F6C99D4EDA1 /* Pods-RIBsChildBecomesParent.release.xcconfig */;
			buildSettings = {
				ASSETCATALOG_COMPILER_APPICON_NAME = AppIcon;
				ASSETCATALOG_COMPILER_GLOBAL_ACCENT_COLOR_NAME = AccentColor;
				CODE_SIGN_STYLE = Automatic;
				DEVELOPMENT_TEAM = W7764ZQNWC;
				INFOPLIST_FILE = RIBsChildBecomesParent/Info.plist;
				LD_RUNPATH_SEARCH_PATHS = (
					"$(inherited)",
					"@executable_path/Frameworks",
				);
				PRODUCT_BUNDLE_IDENTIFIER = "com.rib-test.RIBsChildBecomesParent";
				PRODUCT_NAME = "$(TARGET_NAME)";
				SWIFT_VERSION = 5.0;
				TARGETED_DEVICE_FAMILY = "1,2";
			};
			name = Release;
		};
/* End XCBuildConfiguration section */

/* Begin XCConfigurationList section */
		460881FE253157F9004E017C /* Build configuration list for PBXProject "RIBsChildBecomesParent" */ = {
			isa = XCConfigurationList;
			buildConfigurations = (
				46088215253157FB004E017C /* Debug */,
				46088216253157FB004E017C /* Release */,
			);
			defaultConfigurationIsVisible = 0;
			defaultConfigurationName = Release;
		};
		46088217253157FB004E017C /* Build configuration list for PBXNativeTarget "RIBsChildBecomesParent" */ = {
			isa = XCConfigurationList;
			buildConfigurations = (
				46088218253157FB004E017C /* Debug */,
				46088219253157FB004E017C /* Release */,
			);
			defaultConfigurationIsVisible = 0;
			defaultConfigurationName = Release;
		};
/* End XCConfigurationList section */
	};
	rootObject = 460881FB253157F9004E017C /* Project object */;
}
